
Microsoft Visual Studio Solution File, Format Version 12.00
# Visual Studio Version 17
VisualStudioVersion = 17.1.32328.378
MinimumVisualStudioVersion = 10.0.40219.1
Project("{9A19103F-16F7-4668-BE54-9A1E7A4F7556}") = "ClientTestUI", "ClientTestUI\ClientTestUI.csproj", "{08F4D495-2B9C-49F8-9047-5C7BBF6E7986}"
EndProject
Project("{9A19103F-16F7-4668-BE54-9A1E7A4F7556}") = "Pnyx.ApiClient.Interfaces", "Pnyx.ApiClient.Interfaces.Solana\Pnyx.ApiClient.Interfaces.csproj", "{211424D8-EB35-4E51-B3B8-EE47C1AADC72}"
EndProject
Project("{2150E333-8FDC-42A3-9474-1A3956D46DE8}") = "Projektmappenelemente", "Projektmappenelemente", "{ACDEE2D7-B3DD-4A6E-93F0-90F1BF469156}"
	ProjectSection(SolutionItems) = preProject
		Pnyx.ApiClient.UnitTests.Solana\Pnyx.ApiClient.UnitTests.Solana.csproj = Pnyx.ApiClient.UnitTests.Solana\Pnyx.ApiClient.UnitTests.Solana.csproj
	EndProjectSection
EndProject
Project("{9A19103F-16F7-4668-BE54-9A1E7A4F7556}") = "Pnyx.ApiClient.Core", "Pnyx.ApiClient.Core\Pnyx.ApiClient.Core.csproj", "{AA63E22E-3CC1-4006-9EAF-65137857F0F7}"
EndProject
Project("{9A19103F-16F7-4668-BE54-9A1E7A4F7556}") = "Pnyx.SmartContracts.Solidity.Contracts", "Pnyx.SmartContracts.Solidity\Pnyx.SmartContracts.Solidity.Contracts.csproj", "{AF209515-9688-4670-A90A-28AF61FB6D96}"
EndProject
Project("{9A19103F-16F7-4668-BE54-9A1E7A4F7556}") = "Pnyx.SmartContracts.Solidity.Contracts.UnitTest", "Pnyx.SmartContracts.Solidity.Contracts.UnitTest\Pnyx.SmartContracts.Solidity.Contracts.UnitTest.csproj", "{885C5600-4267-4B6C-969E-FF5B79A13599}"
EndProject
Project("{9A19103F-16F7-4668-BE54-9A1E7A4F7556}") = "Pnyx.SmartContracts.Solana.Rust.Contracts", "Pnyx.SmartContracts.Solana.Rust.Contracts\Pnyx.SmartContracts.Solana.Rust.Contracts.csproj", "{14F28C45-4A50-424C-A59B-394003C466CA}"
EndProject
Project("{FAE04EC0-301F-11D3-BF4B-00C04F79EFBC}") = "Pnyx.ApiClient.Tools", "Pnyx.ApiClient.Tools\Pnyx.ApiClient.Tools.csproj", "{A11E92E6-F51B-4470-8FD7-8684CF7741B4}"
EndProject
Global
	GlobalSection(SolutionConfigurationPlatforms) = preSolution
		Debug|Any CPU = Debug|Any CPU
		Release|Any CPU = Release|Any CPU
	EndGlobalSection
	GlobalSection(ProjectConfigurationPlatforms) = postSolution
		{08F4D495-2B9C-49F8-9047-5C7BBF6E7986}.Debug|Any CPU.ActiveCfg = Debug|Any CPU
		{08F4D495-2B9C-49F8-9047-5C7BBF6E7986}.Debug|Any CPU.Build.0 = Debug|Any CPU
		{08F4D495-2B9C-49F8-9047-5C7BBF6E7986}.Release|Any CPU.ActiveCfg = Release|Any CPU
		{08F4D495-2B9C-49F8-9047-5C7BBF6E7986}.Release|Any CPU.Build.0 = Release|Any CPU
		{211424D8-EB35-4E51-B3B8-EE47C1AADC72}.Debug|Any CPU.ActiveCfg = Debug|Any CPU
		{211424D8-EB35-4E51-B3B8-EE47C1AADC72}.Debug|Any CPU.Build.0 = Debug|Any CPU
		{211424D8-EB35-4E51-B3B8-EE47C1AADC72}.Release|Any CPU.ActiveCfg = Release|Any CPU
		{211424D8-EB35-4E51-B3B8-EE47C1AADC72}.Release|Any CPU.Build.0 = Release|Any CPU
		{AA63E22E-3CC1-4006-9EAF-65137857F0F7}.Debug|Any CPU.ActiveCfg = Debug|Any CPU
		{AA63E22E-3CC1-4006-9EAF-65137857F0F7}.Debug|Any CPU.Build.0 = Debug|Any CPU
		{AA63E22E-3CC1-4006-9EAF-65137857F0F7}.Release|Any CPU.ActiveCfg = Release|Any CPU
		{AA63E22E-3CC1-4006-9EAF-65137857F0F7}.Release|Any CPU.Build.0 = Release|Any CPU
		{AF209515-9688-4670-A90A-28AF61FB6D96}.Debug|Any CPU.ActiveCfg = Debug|Any CPU
		{AF209515-9688-4670-A90A-28AF61FB6D96}.Debug|Any CPU.Build.0 = Debug|Any CPU
		{AF209515-9688-4670-A90A-28AF61FB6D96}.Release|Any CPU.ActiveCfg = Release|Any CPU
		{AF209515-9688-4670-A90A-28AF61FB6D96}.Release|Any CPU.Build.0 = Release|Any CPU
		{885C5600-4267-4B6C-969E-FF5B79A13599}.Debug|Any CPU.ActiveCfg = Debug|Any CPU
		{885C5600-4267-4B6C-969E-FF5B79A13599}.Debug|Any CPU.Build.0 = Debug|Any CPU
		{885C5600-4267-4B6C-969E-FF5B79A13599}.Release|Any CPU.ActiveCfg = Release|Any CPU
		{885C5600-4267-4B6C-969E-FF5B79A13599}.Release|Any CPU.Build.0 = Release|Any CPU
		{14F28C45-4A50-424C-A59B-394003C466CA}.Debug|Any CPU.ActiveCfg = Debug|Any CPU
		{14F28C45-4A50-424C-A59B-394003C466CA}.Debug|Any CPU.Build.0 = Debug|Any CPU
		{14F28C45-4A50-424C-A59B-394003C466CA}.Release|Any CPU.ActiveCfg = Release|Any CPU
		{14F28C45-4A50-424C-A59B-394003C466CA}.Release|Any CPU.Build.0 = Release|Any CPU
		{A11E92E6-F51B-4470-8FD7-8684CF7741B4}.Debug|Any CPU.ActiveCfg = Debug|Any CPU
		{A11E92E6-F51B-4470-8FD7-8684CF7741B4}.Debug|Any CPU.Build.0 = Debug|Any CPU
		{A11E92E6-F51B-4470-8FD7-8684CF7741B4}.Release|Any CPU.ActiveCfg = Release|Any CPU
		{A11E92E6-F51B-4470-8FD7-8684CF7741B4}.Release|Any CPU.Build.0 = Release|Any CPU
	EndGlobalSection
	GlobalSection(SolutionProperties) = preSolution
		HideSolutionNode = FALSE
	EndGlobalSection
	GlobalSection(ExtensibilityGlobals) = postSolution
		SolutionGuid = {8E7C2148-2C1E-4120-85F2-ADE0366AC55A}
	EndGlobalSection
EndGlobal
